# This file is automatically @generated by Cargo.
# It is not intended for manual editing.
version = 4

[[package]]
name = "aho-corasick"
version = "0.5.3"
source = "registry+https://github.com/rust-lang/crates.io-index"
checksum = "ca972c2ea5f742bfce5687b9aef75506a764f61d37f8f649047846a9686ddb66"
dependencies = [
 "memchr",
]

[[package]]
name = "alsa-sys"
version = "0.1.2"
source = "registry+https://github.com/rust-lang/crates.io-index"
checksum = "b0edcbbf9ef68f15ae1b620f722180b82a98b6f0628d30baa6b8d2a5abc87d58"
dependencies = [
 "libc 0.2.178",
 "pkg-config",
]

[[package]]
name = "bitflags"
version = "0.3.3"
source = "registry+https://github.com/rust-lang/crates.io-index"
checksum = "32866f4d103c4e438b1db1158aa1b1a80ee078e5d77a59a2f906fd62a577389c"

[[package]]
name = "bitflags"
version = "0.4.0"
source = "registry+https://github.com/rust-lang/crates.io-index"
checksum = "8dead7461c1127cf637931a1e50934eb6eee8bff2f74433ac7909e9afcee04a3"

[[package]]
name = "cfg-if"
version = "0.1.6"
source = "registry+https://github.com/rust-lang/crates.io-index"
checksum = "082bb9b28e00d3c9d39cc03e64ce4cea0f1bb9b3fde493f0cbc008472d22bdf4"

[[package]]
name = "coreaudio-rs"
version = "0.5.0"
source = "registry+https://github.com/rust-lang/crates.io-index"
checksum = "7f97dd1cb4381fc1d3a80f2c63ce965c4c936befe7051fd33289a2dc45914bda"
dependencies = [
 "bitflags 0.3.3",
 "coreaudio-sys",
 "libc 0.2.178",
]

[[package]]
name = "coreaudio-sys"
version = "0.1.2"
source = "registry+https://github.com/rust-lang/crates.io-index"
checksum = "31231897622a4cd14cb211af6f26d6fcf0c78078fa60c586ce9db8f0b581cd44"
dependencies = [
 "libc 0.2.178",
]

[[package]]
name = "cpal"
version = "0.2.12"
source = "registry+https://github.com/rust-lang/crates.io-index"
checksum = "989df64d59c65f18776046436c3e50964699ec789e76b1af04f6fc32b6a2b713"
dependencies = [
 "alsa-sys",
 "coreaudio-rs",
 "lazy_static 0.2.11",
 "libc 0.2.178",
 "ole32-sys",
 "winapi 0.2.8",
]

[[package]]
name = "crate1"
version = "0.1.0"
dependencies = [
 "log 0.1.10",
]

[[package]]
name = "crate2"
version = "0.1.0"
dependencies = [
 "env_logger",
]

[[package]]
name = "crate3"
version = "0.1.0"
dependencies = [
 "libc 0.1.12",
]

[[package]]
name = "crate4"
version = "0.1.0"
dependencies = [
 "gfx",
]

[[package]]
name = "crate5"
version = "0.1.0"
dependencies = [
 "rodio",
]

[[package]]
name = "draw_state"
version = "0.4.0"
source = "registry+https://github.com/rust-lang/crates.io-index"
checksum = "49529af1eb85fe2c95020de036d6d907bcb47ad1a995773f60040531045f0aa9"
dependencies = [
 "bitflags 0.4.0",
]

[[package]]
name = "env_logger"
version = "0.3.5"
source = "registry+https://github.com/rust-lang/crates.io-index"
checksum = "15abd780e45b3ea4f76b4e9a26ff4843258dd8a3eed2775a0e7368c2e7936c2f"
dependencies = [
 "log 0.3.9",
 "regex",
]

[[package]]
name = "gcc"
version = "0.3.55"
source = "registry+https://github.com/rust-lang/crates.io-index"
checksum = "8f5f3913fa0bfe7ee1fd8248b6b9f42a5af4b9d65ec2dd2c3c26132b950ecfc2"

[[package]]
name = "gfx"
version = "0.10.2"
source = "registry+https://github.com/rust-lang/crates.io-index"
checksum = "8bb128f8b01f5757bd3d6bf49f4d4d42f46910251d1a3ceea07763a0342a2c0a"
dependencies = [
 "draw_state",
 "gfx_core",
 "log 0.3.9",
]

[[package]]
name = "gfx_core"
version = "0.2.1"
source = "registry+https://github.com/rust-lang/crates.io-index"
checksum = "0dc91b6c1b45a4c9eb2cc48a1be0aa28d847f1e7f91c6e1bfa6d27b0f6a063e3"
dependencies = [
 "bitflags 0.4.0",
 "draw_state",
 "log 0.3.9",
]

[[package]]
name = "hound"
version = "1.1.0"
source = "registry+https://github.com/rust-lang/crates.io-index"
checksum = "7cb2af8cad251a1869dbc6ae1ae744b849a32458be4aee82cba93481847656a8"

[[package]]
name = "kernel32-sys"
version = "0.2.2"
source = "registry+https://github.com/rust-lang/crates.io-index"
checksum = "7507624b29483431c0ba2d82aece8ca6cdba9382bff4ddd0f7490560c056098d"
dependencies = [
 "winapi 0.2.8",
 "winapi-build",
]

[[package]]
name = "lazy_static"
version = "0.1.16"
source = "registry+https://github.com/rust-lang/crates.io-index"
checksum = "cf186d1a8aa5f5bee5fd662bc9c1b949e0259e1bcc379d1f006847b0080c7417"

[[package]]
name = "lazy_static"
version = "0.2.11"
source = "registry+https://github.com/rust-lang/crates.io-index"
checksum = "76f033c7ad61445c5b347c7382dd1237847eb1bce590fe50365dcb33d546be73"

[[package]]
name = "libc"
version = "0.1.12"
source = "registry+https://github.com/rust-lang/crates.io-index"
checksum = "e32a70cf75e5846d53a673923498228bbec6a8624708a9ea5645f075d6276122"

[[package]]
name = "libc"
version = "0.2.178"
source = "registry+https://github.com/rust-lang/crates.io-index"
checksum = "37c93d8daa9d8a012fd8ab92f088405fb202ea0b6ab73ee2482ae66af4f42091"

[[package]]
name = "log"
version = "0.1.10"
source = "registry+https://github.com/rust-lang/crates.io-index"
checksum = "527343c5c05a389bbd6818d495e5d7577feb4dd51ca698c158edabf398a3a4bc"
dependencies = [
 "regex",
]

[[package]]
name = "log"
version = "0.3.9"
source = "registry+https://github.com/rust-lang/crates.io-index"
checksum = "e19e8d5c34a3e0e2223db8e060f9e8264aeeb5c5fc64a4ee9965c062211c024b"
dependencies = [
 "log 0.4.6",
]

[[package]]
name = "log"
version = "0.4.6"
source = "registry+https://github.com/rust-lang/crates.io-index"
checksum = "c84ec4b527950aa83a329754b01dbe3f58361d1c5efacd1f6d68c494d08a17c6"
dependencies = [
 "cfg-if",
]

[[package]]
name = "memchr"
version = "0.1.11"
source = "registry+https://github.com/rust-lang/crates.io-index"
checksum = "d8b629fb514376c675b98c1421e80b151d3817ac42d7c667717d282761418d20"
dependencies = [
 "libc 0.2.178",
]

[[package]]
name = "ogg-sys"
version = "0.0.9"
source = "registry+https://github.com/rust-lang/crates.io-index"
checksum = "a95b8c172e17df1a41bf8d666301d3b2c4efeb90d9d0415e2a4dc0668b35fdb2"
dependencies = [
 "gcc",
 "libc 0.1.12",
 "pkg-config",
]

[[package]]
name = "ole32-sys"
version = "0.2.0"
source = "registry+https://github.com/rust-lang/crates.io-index"
checksum = "5d2c49021782e5233cd243168edfa8037574afed4eba4bbaf538b3d8d1789d8c"
dependencies = [
 "winapi 0.2.8",
 "winapi-build",
]

[[package]]
name = "pkg-config"
version = "0.3.14"
source = "registry+https://github.com/rust-lang/crates.io-index"
checksum = "676e8eb2b1b4c9043511a9b7bea0915320d7e502b0a079fb03f9635a5252b18c"

[[package]]
name = "regex"
version = "0.1.80"
source = "registry+https://github.com/rust-lang/crates.io-index"
checksum = "4fd4ace6a8cf7860714a2c2280d6c1f7e6a413486c13298bbc86fd3da019402f"
dependencies = [
 "aho-corasick",
 "memchr",
 "regex-syntax",
 "thread_local",
 "utf8-ranges",
]

[[package]]
name = "regex-syntax"
version = "0.3.9"
source = "registry+https://github.com/rust-lang/crates.io-index"
checksum = "f9ec002c35e86791825ed294b50008eea9ddfc8def4420124fbc6b08db834957"

[[package]]
name = "rodio"
version = "0.3.3"
source = "registry+https://github.com/rust-lang/crates.io-index"
checksum = "bd7168a47a0fb2574643abfeb745fd1c3b7a807b07e9c746f3701e7748a9225a"
dependencies = [
 "cpal",
 "hound",
 "lazy_static 0.1.16",
 "time",
 "vorbis",
]

[[package]]
name = "serde"
version = "1.0.106"
source = "registry+https://github.com/rust-lang/crates.io-index"
checksum = "36df6ac6412072f67cf767ebbde4133a5b2e88e76dc6187fa7104cd16f783399"

[[package]]
name = "thread-id"
version = "2.0.0"
source = "registry+https://github.com/rust-lang/crates.io-index"
checksum = "a9539db560102d1cef46b8b78ce737ff0bb64e7e18d35b2a5688f7d097d0ff03"
dependencies = [
 "kernel32-sys",
 "libc 0.2.178",
]

[[package]]
name = "thread_local"
version = "0.2.7"
source = "registry+https://github.com/rust-lang/crates.io-index"
checksum = "8576dbbfcaef9641452d5cf0df9b0e7eeab7694956dd33bb61515fb8f18cfdd5"
dependencies = [
 "thread-id",
]

[[package]]
name = "time"
version = "0.1.45"
source = "registry+https://github.com/rust-lang/crates.io-index"
checksum = "1b797afad3f312d1c66a56d11d0316f916356d11bd158fbc6ca6389ff6bf805a"
dependencies = [
 "libc 0.2.178",
 "wasi",
 "winapi 0.3.6",
]

[[package]]
name = "utf8-ranges"
version = "0.1.3"
source = "registry+https://github.com/rust-lang/crates.io-index"
checksum = "a1ca13c08c41c9c3e04224ed9ff80461d97e121589ff27c753a16cb10830ae0f"

[[package]]
name = "vorbis"
version = "0.0.14"
source = "registry+https://github.com/rust-lang/crates.io-index"
checksum = "5e8a194457075360557b82dac78f7ca2d65bbb6679bccfabae5f7c8c706cc776"
dependencies = [
 "libc 0.1.12",
 "ogg-sys",
 "vorbis-sys",
 "vorbisfile-sys",
]

[[package]]
name = "vorbis-sys"
version = "0.0.8"
source = "registry+https://github.com/rust-lang/crates.io-index"
checksum = "729e1f15395850b4e6d19ca0cd1d42ef44707503a53b69d40ff49182b3c5589d"
dependencies = [
 "gcc",
 "libc 0.1.12",
 "ogg-sys",
 "pkg-config",
]

[[package]]
name = "vorbisfile-sys"
version = "0.0.8"
source = "registry+https://github.com/rust-lang/crates.io-index"
checksum = "4f4306d7e1ac4699b55e20de9483750b90c250913188efd7484db6bfbe9042d1"
dependencies = [
 "gcc",
 "libc 0.1.12",
 "ogg-sys",
 "pkg-config",
 "vorbis-sys",
]

[[package]]
name = "wasi"
version = "0.10.0+wasi-snapshot-preview1"
source = "registry+https://github.com/rust-lang/crates.io-index"
checksum = "1a143597ca7c7793eff794def352d41792a93c481eb1042423ff7ff72ba2c31f"

[[package]]
name = "winapi"
version = "0.2.8"
source = "registry+https://github.com/rust-lang/crates.io-index"
checksum = "167dc9d6949a9b857f3451275e911c3f44255842c1f7a76f33c55103a909087a"

[[package]]
name = "winapi"
version = "0.3.6"
source = "registry+https://github.com/rust-lang/crates.io-index"
checksum = "92c1eb33641e276cfa214a0522acad57be5c56b10cb348b3c5117db75f3ac4b0"
dependencies = [
 "winapi-i686-pc-windows-gnu",
 "winapi-x86_64-pc-windows-gnu",
]

[[package]]
name = "winapi-build"
version = "0.1.1"
source = "registry+https://github.com/rust-lang/crates.io-index"
checksum = "2d315eee3b34aca4797b2da6b13ed88266e6d612562a0c46390af8299fc699bc"

[[package]]
name = "winapi-i686-pc-windows-gnu"
version = "0.4.0"
source = "registry+https://github.com/rust-lang/crates.io-index"
checksum = "ac3b87c63620426dd9b991e5ce0329eff545bccbbb34f3be09ff6fb6ab51b7b6"

[[package]]
name = "winapi-x86_64-pc-windows-gnu"
version = "0.4.0"
source = "registry+https://github.com/rust-lang/crates.io-index"
checksum = "712e227841d057c1ee1cd2fb22fa7e5a5461ae8e48fa2ca79ec42cfc1931183f"

[[package]]
name = "workspace_example"
version = "0.1.0"
dependencies = [
 "crate4",
 "crate5",
 "serde",
]
